
Microsoft Visual Studio Solution File, Format Version 12.00
# Visual Studio Version 16
VisualStudioVersion = 16.0.30503.244
MinimumVisualStudioVersion = 10.0.40219.1
Project("{2150E333-8FDC-42A3-9474-1A3956D46DE8}") = "Core", "Core", "{14CCA79E-6D99-4AE4-BB77-CF46E6D626E0}"
EndProject
Project("{9A19103F-16F7-4668-BE54-9A1E7A4F7556}") = "CoreTemp.Data", "CoreTemp.Data\CoreTemp.Data.csproj", "{C622B36D-B539-4925-99CE-A433EFCC6790}"
EndProject
Project("{9A19103F-16F7-4668-BE54-9A1E7A4F7556}") = "CoreTemp.Common", "CoreTemp.Common\CoreTemp.Common.csproj", "{33C31E80-C463-47EC-9F5B-4064D378E6A6}"
EndProject
Project("{2150E333-8FDC-42A3-9474-1A3956D46DE8}") = "Repository", "Repository", "{D1755DEA-21AF-4FCB-8520-D513A20864CC}"
EndProject
Project("{9A19103F-16F7-4668-BE54-9A1E7A4F7556}") = "CoreTemp.Repo", "CoreTemp.Repo\CoreTemp.Repo.csproj", "{1391C4B8-6FC0-4881-80B7-2C0B56B305F9}"
EndProject
Project("{2150E333-8FDC-42A3-9474-1A3956D46DE8}") = "Service", "Service", "{8B149F6F-C4CB-48D1-8EC5-A3F16A151C98}"
EndProject
Project("{9A19103F-16F7-4668-BE54-9A1E7A4F7556}") = "CoreTemp.Services", "CoreTemp.Services\CoreTemp.Services.csproj", "{4DF85FEA-883C-4C2F-AB2C-A113EF3C3064}"
EndProject
Project("{2150E333-8FDC-42A3-9474-1A3956D46DE8}") = "UI", "UI", "{DAB73FCF-BBD5-4FE7-8A75-0265128B029C}"
EndProject
Project("{9A19103F-16F7-4668-BE54-9A1E7A4F7556}") = "CoreTemp.Api", "CoreTemp.Api\CoreTemp.Api.csproj", "{5AE5637A-557A-4D87-BD39-025E00B3E9FD}"
EndProject
Project("{9A19103F-16F7-4668-BE54-9A1E7A4F7556}") = "CoreTemp.MvcApi", "CoreTemp.MvcApi\CoreTemp.MvcApi.csproj", "{0B3DB44B-22E1-4F06-ACD9-1A0841BA9DDE}"
EndProject
Project("{2150E333-8FDC-42A3-9474-1A3956D46DE8}") = "Identity", "Identity", "{4F84A2AB-27C8-4E17-B964-33DEA0FC4CF4}"
EndProject
Project("{9A19103F-16F7-4668-BE54-9A1E7A4F7556}") = "CoreTemp.IdentityServer", "CoreTemp.IdentityServer\CoreTemp.IdentityServer.csproj", "{27E10BAE-C9B6-44AD-9964-EB113E4D469F}"
EndProject
Project("{9A19103F-16F7-4668-BE54-9A1E7A4F7556}") = "CoreTemp.IdentityServer2", "CoreTemp.IdentityServer2\CoreTemp.IdentityServer2.csproj", "{29D37E66-8602-498D-BE3A-ED8F6A34AAAB}"
EndProject
Project("{9A19103F-16F7-4668-BE54-9A1E7A4F7556}") = "CoreTemp.ApiTest", "CoreTemp.ApiTest\CoreTemp.ApiTest.csproj", "{D40C936B-6E17-4BE4-816E-334F5E17BAE1}"
EndProject
Global
	GlobalSection(SolutionConfigurationPlatforms) = preSolution
		Debug|Any CPU = Debug|Any CPU
		Release|Any CPU = Release|Any CPU
	EndGlobalSection
	GlobalSection(ProjectConfigurationPlatforms) = postSolution
		{C622B36D-B539-4925-99CE-A433EFCC6790}.Debug|Any CPU.ActiveCfg = Debug|Any CPU
		{C622B36D-B539-4925-99CE-A433EFCC6790}.Debug|Any CPU.Build.0 = Debug|Any CPU
		{C622B36D-B539-4925-99CE-A433EFCC6790}.Release|Any CPU.ActiveCfg = Release|Any CPU
		{C622B36D-B539-4925-99CE-A433EFCC6790}.Release|Any CPU.Build.0 = Release|Any CPU
		{33C31E80-C463-47EC-9F5B-4064D378E6A6}.Debug|Any CPU.ActiveCfg = Debug|Any CPU
		{33C31E80-C463-47EC-9F5B-4064D378E6A6}.Debug|Any CPU.Build.0 = Debug|Any CPU
		{33C31E80-C463-47EC-9F5B-4064D378E6A6}.Release|Any CPU.ActiveCfg = Release|Any CPU
		{33C31E80-C463-47EC-9F5B-4064D378E6A6}.Release|Any CPU.Build.0 = Release|Any CPU
		{1391C4B8-6FC0-4881-80B7-2C0B56B305F9}.Debug|Any CPU.ActiveCfg = Debug|Any CPU
		{1391C4B8-6FC0-4881-80B7-2C0B56B305F9}.Debug|Any CPU.Build.0 = Debug|Any CPU
		{1391C4B8-6FC0-4881-80B7-2C0B56B305F9}.Release|Any CPU.ActiveCfg = Release|Any CPU
		{1391C4B8-6FC0-4881-80B7-2C0B56B305F9}.Release|Any CPU.Build.0 = Release|Any CPU
		{4DF85FEA-883C-4C2F-AB2C-A113EF3C3064}.Debug|Any CPU.ActiveCfg = Debug|Any CPU
		{4DF85FEA-883C-4C2F-AB2C-A113EF3C3064}.Debug|Any CPU.Build.0 = Debug|Any CPU
		{4DF85FEA-883C-4C2F-AB2C-A113EF3C3064}.Release|Any CPU.ActiveCfg = Release|Any CPU
		{4DF85FEA-883C-4C2F-AB2C-A113EF3C3064}.Release|Any CPU.Build.0 = Release|Any CPU
		{5AE5637A-557A-4D87-BD39-025E00B3E9FD}.Debug|Any CPU.ActiveCfg = Debug|Any CPU
		{5AE5637A-557A-4D87-BD39-025E00B3E9FD}.Debug|Any CPU.Build.0 = Debug|Any CPU
		{5AE5637A-557A-4D87-BD39-025E00B3E9FD}.Release|Any CPU.ActiveCfg = Release|Any CPU
		{5AE5637A-557A-4D87-BD39-025E00B3E9FD}.Release|Any CPU.Build.0 = Release|Any CPU
		{0B3DB44B-22E1-4F06-ACD9-1A0841BA9DDE}.Debug|Any CPU.ActiveCfg = Debug|Any CPU
		{0B3DB44B-22E1-4F06-ACD9-1A0841BA9DDE}.Debug|Any CPU.Build.0 = Debug|Any CPU
		{0B3DB44B-22E1-4F06-ACD9-1A0841BA9DDE}.Release|Any CPU.ActiveCfg = Release|Any CPU
		{0B3DB44B-22E1-4F06-ACD9-1A0841BA9DDE}.Release|Any CPU.Build.0 = Release|Any CPU
		{27E10BAE-C9B6-44AD-9964-EB113E4D469F}.Debug|Any CPU.ActiveCfg = Debug|Any CPU
		{27E10BAE-C9B6-44AD-9964-EB113E4D469F}.Debug|Any CPU.Build.0 = Debug|Any CPU
		{27E10BAE-C9B6-44AD-9964-EB113E4D469F}.Release|Any CPU.ActiveCfg = Release|Any CPU
		{27E10BAE-C9B6-44AD-9964-EB113E4D469F}.Release|Any CPU.Build.0 = Release|Any CPU
		{29D37E66-8602-498D-BE3A-ED8F6A34AAAB}.Debug|Any CPU.ActiveCfg = Debug|Any CPU
		{29D37E66-8602-498D-BE3A-ED8F6A34AAAB}.Debug|Any CPU.Build.0 = Debug|Any CPU
		{29D37E66-8602-498D-BE3A-ED8F6A34AAAB}.Release|Any CPU.ActiveCfg = Release|Any CPU
		{29D37E66-8602-498D-BE3A-ED8F6A34AAAB}.Release|Any CPU.Build.0 = Release|Any CPU
		{D40C936B-6E17-4BE4-816E-334F5E17BAE1}.Debug|Any CPU.ActiveCfg = Debug|Any CPU
		{D40C936B-6E17-4BE4-816E-334F5E17BAE1}.Debug|Any CPU.Build.0 = Debug|Any CPU
		{D40C936B-6E17-4BE4-816E-334F5E17BAE1}.Release|Any CPU.ActiveCfg = Release|Any CPU
		{D40C936B-6E17-4BE4-816E-334F5E17BAE1}.Release|Any CPU.Build.0 = Release|Any CPU
	EndGlobalSection
	GlobalSection(SolutionProperties) = preSolution
		HideSolutionNode = FALSE
	EndGlobalSection
	GlobalSection(NestedProjects) = preSolution
		{C622B36D-B539-4925-99CE-A433EFCC6790} = {14CCA79E-6D99-4AE4-BB77-CF46E6D626E0}
		{33C31E80-C463-47EC-9F5B-4064D378E6A6} = {14CCA79E-6D99-4AE4-BB77-CF46E6D626E0}
		{1391C4B8-6FC0-4881-80B7-2C0B56B305F9} = {D1755DEA-21AF-4FCB-8520-D513A20864CC}
		{4DF85FEA-883C-4C2F-AB2C-A113EF3C3064} = {8B149F6F-C4CB-48D1-8EC5-A3F16A151C98}
		{5AE5637A-557A-4D87-BD39-025E00B3E9FD} = {DAB73FCF-BBD5-4FE7-8A75-0265128B029C}
		{0B3DB44B-22E1-4F06-ACD9-1A0841BA9DDE} = {DAB73FCF-BBD5-4FE7-8A75-0265128B029C}
		{27E10BAE-C9B6-44AD-9964-EB113E4D469F} = {4F84A2AB-27C8-4E17-B964-33DEA0FC4CF4}
		{29D37E66-8602-498D-BE3A-ED8F6A34AAAB} = {4F84A2AB-27C8-4E17-B964-33DEA0FC4CF4}
		{D40C936B-6E17-4BE4-816E-334F5E17BAE1} = {DAB73FCF-BBD5-4FE7-8A75-0265128B029C}
	EndGlobalSection
	GlobalSection(ExtensibilityGlobals) = postSolution
		SolutionGuid = {F872D543-03A4-4E96-BE75-0600F28F8282}
	EndGlobalSection
EndGlobal
